
Microsoft Visual Studio Solution File, Format Version 12.00
# Visual Studio Version 16
VisualStudioVersion = 16.0.30907.101
MinimumVisualStudioVersion = 10.0.40219.1
Project("{2150E333-8FDC-42A3-9474-1A3956D46DE8}") = "tests", "tests", "{D31C1A5B-8566-4A5C-AF85-8690402BAF1A}"
EndProject
Project("{2150E333-8FDC-42A3-9474-1A3956D46DE8}") = "Solution Items", "Solution Items", "{D6BE3445-1270-43FD-BC69-5397C47859E3}"
	ProjectSection(SolutionItems) = preProject
		azure-pipelines.yml = azure-pipelines.yml
		README.md = README.md
	EndProjectSection
EndProject
Project("{9A19103F-16F7-4668-BE54-9A1E7A4F7556}") = "NeoTech.Core.Transactions", "src\NeoTech.Core.Transactions\NeoTech.Core.Transactions.csproj", "{7961D3A5-9BFA-45E9-996C-3BDC27015B37}"
EndProject
Project("{9A19103F-16F7-4668-BE54-9A1E7A4F7556}") = "NeoTech.Core.Transaction.Tests", "tests\NeoTech.Core.Transaction.Tests\NeoTech.Core.Transaction.Tests.csproj", "{FB96C3FD-16B3-440D-ADFA-8000638C5A11}"
EndProject
Global
	GlobalSection(SolutionConfigurationPlatforms) = preSolution
		Debug|Any CPU = Debug|Any CPU
		Release|Any CPU = Release|Any CPU
	EndGlobalSection
	GlobalSection(ProjectConfigurationPlatforms) = postSolution
		{7961D3A5-9BFA-45E9-996C-3BDC27015B37}.Debug|Any CPU.ActiveCfg = Debug|Any CPU
		{7961D3A5-9BFA-45E9-996C-3BDC27015B37}.Debug|Any CPU.Build.0 = Debug|Any CPU
		{7961D3A5-9BFA-45E9-996C-3BDC27015B37}.Release|Any CPU.ActiveCfg = Release|Any CPU
		{7961D3A5-9BFA-45E9-996C-3BDC27015B37}.Release|Any CPU.Build.0 = Release|Any CPU
		{FB96C3FD-16B3-440D-ADFA-8000638C5A11}.Debug|Any CPU.ActiveCfg = Debug|Any CPU
		{FB96C3FD-16B3-440D-ADFA-8000638C5A11}.Debug|Any CPU.Build.0 = Debug|Any CPU
		{FB96C3FD-16B3-440D-ADFA-8000638C5A11}.Release|Any CPU.ActiveCfg = Release|Any CPU
		{FB96C3FD-16B3-440D-ADFA-8000638C5A11}.Release|Any CPU.Build.0 = Release|Any CPU
	EndGlobalSection
	GlobalSection(SolutionProperties) = preSolution
		HideSolutionNode = FALSE
	EndGlobalSection
	GlobalSection(NestedProjects) = preSolution
		{FB96C3FD-16B3-440D-ADFA-8000638C5A11} = {D31C1A5B-8566-4A5C-AF85-8690402BAF1A}
	EndGlobalSection
	GlobalSection(ExtensibilityGlobals) = postSolution
		SolutionGuid = {1A25D020-4E1F-4E63-98D1-109969932C66}
	EndGlobalSection
EndGlobal
